
Microsoft Visual Studio Solution File, Format Version 12.00
# Visual Studio Version 17
VisualStudioVersion = 17.5.33424.131
MinimumVisualStudioVersion = 10.0.40219.1
Project("{FAE04EC0-301F-11D3-BF4B-00C04F79EFBC}") = "AbstractClass", "AbstractClass\AbstractClass.csproj", "{A93F256D-E2F3-403B-948A-B677C20A442B}"
EndProject
Global
	GlobalSection(SolutionConfigurationPlatforms) = preSolution
		Debug|Any CPU = Debug|Any CPU
		Release|Any CPU = Release|Any CPU
	EndGlobalSection
	GlobalSection(ProjectConfigurationPlatforms) = postSolution
		{A93F256D-E2F3-403B-948A-B677C20A442B}.Debug|Any CPU.ActiveCfg = Debug|Any CPU
		{A93F256D-E2F3-403B-948A-B677C20A442B}.Debug|Any CPU.Build.0 = Debug|Any CPU
		{A93F256D-E2F3-403B-948A-B677C20A442B}.Release|Any CPU.ActiveCfg = Release|Any CPU
		{A93F256D-E2F3-403B-948A-B677C20A442B}.Release|Any CPU.Build.0 = Release|Any CPU
	EndGlobalSection
	GlobalSection(SolutionProperties) = preSolution
		HideSolutionNode = FALSE
	EndGlobalSection
	GlobalSection(ExtensibilityGlobals) = postSolution
		SolutionGuid = {9124327F-5F4B-48C9-B3EB-2A93CF7F4BA7}
	EndGlobalSection
EndGlobal
